Microsoft Visual Studio Solution File, Format Version 12.00
# Visual Studio 16
Project("{8BC9CEB8-8B4A-11D0-8D11-00A0C91BC942}") = "ALL_BUILD", "ALL_BUILD.vcxproj", "{DAF6DA13-28DE-3FA8-8ADD-1E24D49B0276}"
	ProjectSection(ProjectDependencies) = postProject
		{EBC854FB-BA56-36C7-9328-8BF6D1429380} = {EBC854FB-BA56-36C7-9328-8BF6D1429380}
		{2B65688F-A600-3BEC-84E0-531CB2F92A82} = {2B65688F-A600-3BEC-84E0-531CB2F92A82}
		{A8F42F63-42B7-3EDE-A233-EC2A92CF4ADF} = {A8F42F63-42B7-3EDE-A233-EC2A92CF4ADF}
	EndProjectSection
EndProject
Project("{8BC9CEB8-8B4A-11D0-8D11-00A0C91BC942}") = "GuiTestCpp", "GuiTestCpp.vcxproj", "{EBC854FB-BA56-36C7-9328-8BF6D1429380}"
	ProjectSection(ProjectDependencies) = postProject
		{A8F42F63-42B7-3EDE-A233-EC2A92CF4ADF} = {A8F42F63-42B7-3EDE-A233-EC2A92CF4ADF}
	EndProjectSection
EndProject
Project("{8BC9CEB8-8B4A-11D0-8D11-00A0C91BC942}") = "UIAutomationx64", "UIAutomationx64.vcxproj", "{2B65688F-A600-3BEC-84E0-531CB2F92A82}"
	ProjectSection(ProjectDependencies) = postProject
		{A8F42F63-42B7-3EDE-A233-EC2A92CF4ADF} = {A8F42F63-42B7-3EDE-A233-EC2A92CF4ADF}
	EndProjectSection
EndProject
Project("{8BC9CEB8-8B4A-11D0-8D11-00A0C91BC942}") = "ZERO_CHECK", "ZERO_CHECK.vcxproj", "{A8F42F63-42B7-3EDE-A233-EC2A92CF4ADF}"
	ProjectSection(ProjectDependencies) = postProject
	EndProjectSection
EndProject
Global
	GlobalSection(SolutionConfigurationPlatforms) = preSolution
		Debug|x64 = Debug|x64
		Release|x64 = Release|x64
		MinSizeRel|x64 = MinSizeRel|x64
		RelWithDebInfo|x64 = RelWithDebInfo|x64
	EndGlobalSection
	GlobalSection(ProjectConfigurationPlatforms) = postSolution
		{DAF6DA13-28DE-3FA8-8ADD-1E24D49B0276}.Debug|x64.ActiveCfg = Debug|x64
		{DAF6DA13-28DE-3FA8-8ADD-1E24D49B0276}.Release|x64.ActiveCfg = Release|x64
		{DAF6DA13-28DE-3FA8-8ADD-1E24D49B0276}.MinSizeRel|x64.ActiveCfg = MinSizeRel|x64
		{DAF6DA13-28DE-3FA8-8ADD-1E24D49B0276}.RelWithDebInfo|x64.ActiveCfg = RelWithDebInfo|x64
		{EBC854FB-BA56-36C7-9328-8BF6D1429380}.Debug|x64.ActiveCfg = Debug|x64
		{EBC854FB-BA56-36C7-9328-8BF6D1429380}.Debug|x64.Build.0 = Debug|x64
		{EBC854FB-BA56-36C7-9328-8BF6D1429380}.Release|x64.ActiveCfg = Release|x64
		{EBC854FB-BA56-36C7-9328-8BF6D1429380}.Release|x64.Build.0 = Release|x64
		{EBC854FB-BA56-36C7-9328-8BF6D1429380}.MinSizeRel|x64.ActiveCfg = MinSizeRel|x64
		{EBC854FB-BA56-36C7-9328-8BF6D1429380}.MinSizeRel|x64.Build.0 = MinSizeRel|x64
		{EBC854FB-BA56-36C7-9328-8BF6D1429380}.RelWithDebInfo|x64.ActiveCfg = RelWithDebInfo|x64
		{EBC854FB-BA56-36C7-9328-8BF6D1429380}.RelWithDebInfo|x64.Build.0 = RelWithDebInfo|x64
		{2B65688F-A600-3BEC-84E0-531CB2F92A82}.Debug|x64.ActiveCfg = Debug|x64
		{2B65688F-A600-3BEC-84E0-531CB2F92A82}.Debug|x64.Build.0 = Debug|x64
		{2B65688F-A600-3BEC-84E0-531CB2F92A82}.Release|x64.ActiveCfg = Release|x64
		{2B65688F-A600-3BEC-84E0-531CB2F92A82}.Release|x64.Build.0 = Release|x64
		{2B65688F-A600-3BEC-84E0-531CB2F92A82}.MinSizeRel|x64.ActiveCfg = MinSizeRel|x64
		{2B65688F-A600-3BEC-84E0-531CB2F92A82}.MinSizeRel|x64.Build.0 = MinSizeRel|x64
		{2B65688F-A600-3BEC-84E0-531CB2F92A82}.RelWithDebInfo|x64.ActiveCfg = RelWithDebInfo|x64
		{2B65688F-A600-3BEC-84E0-531CB2F92A82}.RelWithDebInfo|x64.Build.0 = RelWithDebInfo|x64
		{A8F42F63-42B7-3EDE-A233-EC2A92CF4ADF}.Debug|x64.ActiveCfg = Debug|x64
		{A8F42F63-42B7-3EDE-A233-EC2A92CF4ADF}.Debug|x64.Build.0 = Debug|x64
		{A8F42F63-42B7-3EDE-A233-EC2A92CF4ADF}.Release|x64.ActiveCfg = Release|x64
		{A8F42F63-42B7-3EDE-A233-EC2A92CF4ADF}.Release|x64.Build.0 = Release|x64
		{A8F42F63-42B7-3EDE-A233-EC2A92CF4ADF}.MinSizeRel|x64.ActiveCfg = MinSizeRel|x64
		{A8F42F63-42B7-3EDE-A233-EC2A92CF4ADF}.MinSizeRel|x64.Build.0 = MinSizeRel|x64
		{A8F42F63-42B7-3EDE-A233-EC2A92CF4ADF}.RelWithDebInfo|x64.ActiveCfg = RelWithDebInfo|x64
		{A8F42F63-42B7-3EDE-A233-EC2A92CF4ADF}.RelWithDebInfo|x64.Build.0 = RelWithDebInfo|x64
	EndGlobalSection
	GlobalSection(ExtensibilityGlobals) = postSolution
		SolutionGuid = {69691AC1-349F-380D-BF23-4FABD21FE83C}
	EndGlobalSection
	GlobalSection(ExtensibilityAddIns) = postSolution
	EndGlobalSection
EndGlobal
